{
  "name": "git-branch-cleaner",
  "version": "0.0.1",
  "lockfileVersion": 1,
  "requires": true,
  "dependencies": {
    "sys": {
      "version": "0.0.1",
      "resolved": "https://registry.npmjs.org/sys/-/sys-0.0.1.tgz",
      "integrity": "sha1-NIDMaVcUkFt6vOUKVaWjmFmX5hk=",
      "dev": true
    }
  }
}
